
Microsoft Visual Studio Solution File, Format Version 12.00
# Visual Studio Version 17
VisualStudioVersion = 17.12.35707.178
MinimumVisualStudioVersion = 10.0.40219.1
Project("{FAE04EC0-301F-11D3-BF4B-00C04F79EFBC}") = "WinFormsApp1", "WinFormsApp1.csproj", "{F5E7422D-A47F-4BB3-929E-9F392A34AC67}"
EndProject
Project("{54435603-DBB4-11D2-8724-00A0C9A8B90C}") = "Setup1", "..\Setup1\Setup1.vdproj", "{13177B05-F193-460A-9020-4741BF0AD2F1}"
EndProject
Global
	GlobalSection(SolutionConfigurationPlatforms) = preSolution
		Debug|Any CPU = Debug|Any CPU
		Release|Any CPU = Release|Any CPU
	EndGlobalSection
	GlobalSection(ProjectConfigurationPlatforms) = postSolution
		{F5E7422D-A47F-4BB3-929E-9F392A34AC67}.Debug|Any CPU.ActiveCfg = Debug|Any CPU
		{F5E7422D-A47F-4BB3-929E-9F392A34AC67}.Debug|Any CPU.Build.0 = Debug|Any CPU
		{F5E7422D-A47F-4BB3-929E-9F392A34AC67}.Release|Any CPU.ActiveCfg = Release|Any CPU
		{F5E7422D-A47F-4BB3-929E-9F392A34AC67}.Release|Any CPU.Build.0 = Release|Any CPU
		{13177B05-F193-460A-9020-4741BF0AD2F1}.Debug|Any CPU.ActiveCfg = Debug
		{13177B05-F193-460A-9020-4741BF0AD2F1}.Release|Any CPU.ActiveCfg = Release
	EndGlobalSection
	GlobalSection(SolutionProperties) = preSolution
		HideSolutionNode = FALSE
	EndGlobalSection
EndGlobal
